
Microsoft Visual Studio Solution File, Format Version 12.00
# Visual Studio 15
VisualStudioVersion = 15.0.27703.2026
MinimumVisualStudioVersion = 10.0.40219.1
Project("{FAE04EC0-301F-11D3-BF4B-00C04F79EFBC}") = "chapter7", "chapter7\chapter7.csproj", "{19BDCEA7-ECD9-4AF4-AC55-021E5AD2F1BF}"
EndProject
Global
	GlobalSection(SolutionConfigurationPlatforms) = preSolution
		Debug|Any CPU = Debug|Any CPU
		Release|Any CPU = Release|Any CPU
	EndGlobalSection
	GlobalSection(ProjectConfigurationPlatforms) = postSolution
		{19BDCEA7-ECD9-4AF4-AC55-021E5AD2F1BF}.Debug|Any CPU.ActiveCfg = Debug|Any CPU
		{19BDCEA7-ECD9-4AF4-AC55-021E5AD2F1BF}.Debug|Any CPU.Build.0 = Debug|Any CPU
		{19BDCEA7-ECD9-4AF4-AC55-021E5AD2F1BF}.Release|Any CPU.ActiveCfg = Release|Any CPU
		{19BDCEA7-ECD9-4AF4-AC55-021E5AD2F1BF}.Release|Any CPU.Build.0 = Release|Any CPU
	EndGlobalSection
	GlobalSection(SolutionProperties) = preSolution
		HideSolutionNode = FALSE
	EndGlobalSection
	GlobalSection(ExtensibilityGlobals) = postSolution
		SolutionGuid = {29ECE80B-FD20-492C-9696-9B86247A6D18}
	EndGlobalSection
EndGlobal
